{
  "version": 4,
  "terraform_version": "1.14.8",
  "serial": 95,
  "lineage": "b10ce325-4b48-5d9b-f1b4-e41131e4a7a7",
  "outputs": {
    "application_gateway_public_ip": {
      "value": "40.80.91.119",
      "type": "string"
    },
    "backend_load_balancer_private_ip": {
      "value": "10.0.2.6",
      "type": "string"
    },
    "bastion_public_ip": {
      "value": "40.80.80.56",
      "type": "string"
    },
    "resource_group_names": {
      "value": {
        "iad_az_dev": "iad-az-dev-rg"
      },
      "type": [
        "object",
        {
          "iad_az_dev": "string"
        }
      ]
    },
    "subnet_ids": {
      "value": {
        "appgw": "/subscriptions/56d4ebce-52e4-4807-ac43-48cb1bef8c71/resourceGroups/iad-az-dev-rg/providers/Microsoft.Network/virtualNetworks/iad-az-dev-vnet/subnets/iad-az-dev-appgw-subnet",
        "backend": "/subscriptions/56d4ebce-52e4-4807-ac43-48cb1bef8c71/resourceGroups/iad-az-dev-rg/providers/Microsoft.Network/virtualNetworks/iad-az-dev-vnet/subnets/iad-az-dev-backend-subnet",
        "bastion": "/subscriptions/56d4ebce-52e4-4807-ac43-48cb1bef8c71/resourceGroups/iad-az-dev-rg/providers/Microsoft.Network/virtualNetworks/iad-az-dev-vnet/subnets/AzureBastionSubnet",
        "database": "/subscriptions/56d4ebce-52e4-4807-ac43-48cb1bef8c71/resourceGroups/iad-az-dev-rg/providers/Microsoft.Network/virtualNetworks/iad-az-dev-vnet/subnets/iad-az-dev-database-subnet",
        "frontend": "/subscriptions/56d4ebce-52e4-4807-ac43-48cb1bef8c71/resourceGroups/iad-az-dev-rg/providers/Microsoft.Network/virtualNetworks/iad-az-dev-vnet/subnets/iad-az-dev-frontend-subnet"
      },
      "type": [
        "object",
        {
          "appgw": "string",
          "backend": "string",
          "bastion": "string",
          "database": "string",
          "frontend": "string"
        }
      ]
    },
    "virtual_network_names": {
      "value": {
        "iad_az_dev": "iad-az-dev-vnet"
      },
      "type": [
        "object",
        {
          "iad_az_dev": "string"
        }
      ]
    },
    "vm_names": {
      "value": [
        "iad-az-dev-vm-backend-1",
        "iad-az-dev-vm-backend-2",
        "iad-az-dev-vm-database-1",
        "iad-az-dev-vm-frontend-1",
        "iad-az-dev-vm-frontend-2"
      ],
      "type": [
        "tuple",
        [
          "string",
          "string",
          "string",
          "string",
          "string"
        ]
      ]
    },
    "vm_private_ip_addresses": {
      "value": {
        "backend_vm1": "10.0.2.5",
        "backend_vm2": "10.0.2.4",
        "database_vm1": "10.0.3.4",
        "frontend_vm1": "10.0.1.4",
        "frontend_vm2": "10.0.1.5"
      },
      "type": [
        "object",
        {
          "backend_vm1": "string",
          "backend_vm2": "string",
          "database_vm1": "string",
          "frontend_vm1": "string",
          "frontend_vm2": "string"
        }
      ]
    }
  },
  "resources": [
    {
      "module": "module.app_gateway",
      "mode": "managed",
      "type": "azurerm_application_gateway",
      "name": "appgw",
      "provider": "provider[\"registry.terraform.io/hashicorp/azurerm\"]",
      "instances": [
        {
          "schema_version": 0,
          "attributes": {
            "authentication_certificate": [],
            "autoscale_configuration": [],
            "backend": [],
            "backend_address_pool": [
              {
                "fqdns": [],
                "id": "/subscriptions/56d4ebce-52e4-4807-ac43-48cb1bef8c71/resourceGroups/iad-az-dev-rg/providers/Microsoft.Network/applicationGateways/iad-az-dev-appgw/backendAddressPools/frontend-backend-pool",
                "ip_addresses": [
                  "10.0.1.4",
                  "10.0.1.5"
                ],
                "name": "frontend-backend-pool"
              }
            ],
            "backend_http_settings": [
              {
                "affinity_cookie_name": "",
                "authentication_certificate": [],
                "certificate_chain_validation_enabled": true,
                "connection_draining": [],
                "cookie_based_affinity": "Disabled",
                "dedicated_backend_connection_enabled": false,
                "host_name": "",
                "id": "/subscriptions/56d4ebce-52e4-4807-ac43-48cb1bef8c71/resourceGroups/iad-az-dev-rg/providers/Microsoft.Network/applicationGateways/iad-az-dev-appgw/backendHttpSettingsCollection/http-settings",
                "name": "http-settings",
                "path": "",
                "pick_host_name_from_backend_address": false,
                "port": 80,
                "probe_id": "",
                "probe_name": "",
                "protocol": "Http",
                "request_timeout": 60,
                "sni_name": "",
                "sni_validation_enabled": true,
                "trusted_root_certificate_names": []
              }
            ],
            "custom_error_configuration": [],
            "enable_http2": false,
            "fips_enabled": false,
            "firewall_policy_id": "",
            "force_firewall_policy_association": false,
            "frontend_ip_configuration": [
              {
                "id": "/subscriptions/56d4ebce-52e4-4807-ac43-48cb1bef8c71/resourceGroups/iad-az-dev-rg/providers/Microsoft.Network/applicationGateways/iad-az-dev-appgw/frontendIPConfigurations/appgw-frontend-ip",
                "name": "appgw-frontend-ip",
                "private_ip_address": "",
                "private_ip_address_allocation": "Dynamic",
                "private_link_configuration_id": "",
                "private_link_configuration_name": "",
                "public_ip_address_id": "/subscriptions/56d4ebce-52e4-4807-ac43-48cb1bef8c71/resourceGroups/iad-az-dev-rg/providers/Microsoft.Network/publicIPAddresses/iad-az-dev-appgw-pip",
                "subnet_id": ""
              }
            ],
            "frontend_port": [
              {
                "id": "/subscriptions/56d4ebce-52e4-4807-ac43-48cb1bef8c71/resourceGroups/iad-az-dev-rg/providers/Microsoft.Network/applicationGateways/iad-az-dev-appgw/frontendPorts/http-port",
                "name": "http-port",
                "port": 80
              }
            ],
            "gateway_ip_configuration": [
              {
                "id": "/subscriptions/56d4ebce-52e4-4807-ac43-48cb1bef8c71/resourceGroups/iad-az-dev-rg/providers/Microsoft.Network/applicationGateways/iad-az-dev-appgw/gatewayIPConfigurations/appgw-ip-config",
                "name": "appgw-ip-config",
                "subnet_id": "/subscriptions/56d4ebce-52e4-4807-ac43-48cb1bef8c71/resourceGroups/iad-az-dev-rg/providers/Microsoft.Network/virtualNetworks/iad-az-dev-vnet/subnets/iad-az-dev-appgw-subnet"
              }
            ],
            "global": [],
            "http2_enabled": false,
            "http_listener": [
              {
                "custom_error_configuration": [],
                "firewall_policy_id": "",
                "frontend_ip_configuration_id": "/subscriptions/56d4ebce-52e4-4807-ac43-48cb1bef8c71/resourceGroups/iad-az-dev-rg/providers/Microsoft.Network/applicationGateways/iad-az-dev-appgw/frontendIPConfigurations/appgw-frontend-ip",
                "frontend_ip_configuration_name": "appgw-frontend-ip",
                "frontend_port_id": "/subscriptions/56d4ebce-52e4-4807-ac43-48cb1bef8c71/resourceGroups/iad-az-dev-rg/providers/Microsoft.Network/applicationGateways/iad-az-dev-appgw/frontendPorts/http-port",
                "frontend_port_name": "http-port",
                "host_name": "",
                "host_names": [],
                "id": "/subscriptions/56d4ebce-52e4-4807-ac43-48cb1bef8c71/resourceGroups/iad-az-dev-rg/providers/Microsoft.Network/applicationGateways/iad-az-dev-appgw/httpListeners/http-listener",
                "name": "http-listener",
                "protocol": "Http",
                "require_sni": false,
                "ssl_certificate_id": "",
                "ssl_certificate_name": "",
                "ssl_profile_id": "",
                "ssl_profile_name": ""
              }
            ],
            "id": "/subscriptions/56d4ebce-52e4-4807-ac43-48cb1bef8c71/resourceGroups/iad-az-dev-rg/providers/Microsoft.Network/applicationGateways/iad-az-dev-appgw",
            "identity": [],
            "listener": [],
            "location": "centralindia",
            "name": "iad-az-dev-appgw",
            "private_endpoint_connection": [],
            "private_link_configuration": [],
            "probe": [],
            "redirect_configuration": [],
            "request_routing_rule": [
              {
                "backend_address_pool_id": "/subscriptions/56d4ebce-52e4-4807-ac43-48cb1bef8c71/resourceGroups/iad-az-dev-rg/providers/Microsoft.Network/applicationGateways/iad-az-dev-appgw/backendAddressPools/frontend-backend-pool",
                "backend_address_pool_name": "frontend-backend-pool",
                "backend_http_settings_id": "/subscriptions/56d4ebce-52e4-4807-ac43-48cb1bef8c71/resourceGroups/iad-az-dev-rg/providers/Microsoft.Network/applicationGateways/iad-az-dev-appgw/backendHttpSettingsCollection/http-settings",
                "backend_http_settings_name": "http-settings",
                "http_listener_id": "/subscriptions/56d4ebce-52e4-4807-ac43-48cb1bef8c71/resourceGroups/iad-az-dev-rg/providers/Microsoft.Network/applicationGateways/iad-az-dev-appgw/httpListeners/http-listener",
                "http_listener_name": "http-listener",
                "id": "/subscriptions/56d4ebce-52e4-4807-ac43-48cb1bef8c71/resourceGroups/iad-az-dev-rg/providers/Microsoft.Network/applicationGateways/iad-az-dev-appgw/requestRoutingRules/routing-rule",
                "name": "routing-rule",
                "priority": 1,
                "redirect_configuration_id": "",
                "redirect_configuration_name": "",
                "rewrite_rule_set_id": "",
                "rewrite_rule_set_name": "",
                "rule_type": "Basic",
                "url_path_map_id": "",
                "url_path_map_name": ""
              }
            ],
            "resource_group_name": "iad-az-dev-rg",
            "rewrite_rule_set": [],
            "routing_rule": [],
            "sku": [
              {
                "capacity": 2,
                "name": "Standard_v2",
                "tier": "Standard_v2"
              }
            ],
            "ssl_certificate": [],
            "ssl_policy": [
              {
                "cipher_suites": [],
                "disabled_protocols": [],
                "min_protocol_version": "",
                "policy_name": "AppGwSslPolicy20220101",
                "policy_type": "Predefined"
              }
            ],
            "ssl_profile": [],
            "tags": {},
            "timeouts": null,
            "trusted_client_certificate": [],
            "trusted_root_certificate": [],
            "url_path_map": [],
            "waf_configuration": [],
            "zones": []
          },
          "sensitive_attributes": [],
          "identity_schema_version": 0,
          "identity": {
            "name": "iad-az-dev-appgw",
            "resource_group_name": "iad-az-dev-rg",
            "subscription_id": "56d4ebce-52e4-4807-ac43-48cb1bef8c71"
          },
          "private": "eyJlMmJmYjczMC1lY2FhLTExZTYtOGY4OC0zNDM2M2JjN2M0YzAiOnsiY3JlYXRlIjo1NDAwMDAwMDAwMDAwLCJkZWxldGUiOjU0MDAwMDAwMDAwMDAsInJlYWQiOjMwMDAwMDAwMDAwMCwidXBkYXRlIjo1NDAwMDAwMDAwMDAwfX0=",
          "dependencies": [
            "module.public_ip.azurerm_public_ip.public_ips",
            "module.resource_group.azurerm_resource_group.rgs",
            "module.subnets.azurerm_subnet.subnets",
            "module.virtual_machine.azurerm_linux_virtual_machine.linux_vms",
            "module.virtual_machine.azurerm_network_interface.nics",
            "module.virtual_network.azurerm_virtual_network.vnets"
          ]
        }
      ]
    },
    {
      "module": "module.bastion",
      "mode": "managed",
      "type": "azurerm_bastion_host",
      "name": "bastion",
      "provider": "provider[\"registry.terraform.io/hashicorp/azurerm\"]",
      "instances": [
        {
          "schema_version": 0,
          "attributes": {
            "copy_paste_enabled": true,
            "dns_name": "bst-f368eeb7-c603-40f4-b3bf-2db39b3ed8a7.bastion.azure.com",
            "file_copy_enabled": false,
            "id": "/subscriptions/56d4ebce-52e4-4807-ac43-48cb1bef8c71/resourceGroups/iad-az-dev-rg/providers/Microsoft.Network/bastionHosts/iad-az-dev-bastion",
            "ip_configuration": [
              {
                "name": "bastion-ip-config",
                "public_ip_address_id": "/subscriptions/56d4ebce-52e4-4807-ac43-48cb1bef8c71/resourceGroups/iad-az-dev-rg/providers/Microsoft.Network/publicIPAddresses/iad-az-dev-bastion-pip",
                "subnet_id": "/subscriptions/56d4ebce-52e4-4807-ac43-48cb1bef8c71/resourceGroups/iad-az-dev-rg/providers/Microsoft.Network/virtualNetworks/iad-az-dev-vnet/subnets/AzureBastionSubnet"
              }
            ],
            "ip_connect_enabled": false,
            "kerberos_enabled": false,
            "location": "centralindia",
            "name": "iad-az-dev-bastion",
            "private_only_enabled": false,
            "resource_group_name": "iad-az-dev-rg",
            "scale_units": 2,
            "session_recording_enabled": false,
            "shareable_link_enabled": false,
            "sku": "Basic",
            "tags": {},
            "timeouts": null,
            "tunneling_enabled": false,
            "virtual_network_id": "",
            "zones": []
          },
          "sensitive_attributes": [],
          "identity_schema_version": 0,
          "identity": {
            "name": "iad-az-dev-bastion",
            "resource_group_name": "iad-az-dev-rg",
            "subscription_id": "56d4ebce-52e4-4807-ac43-48cb1bef8c71"
          },
          "private": "eyJlMmJmYjczMC1lY2FhLTExZTYtOGY4OC0zNDM2M2JjN2M0YzAiOnsiY3JlYXRlIjoxODAwMDAwMDAwMDAwLCJkZWxldGUiOjE4MDAwMDAwMDAwMDAsInJlYWQiOjMwMDAwMDAwMDAwMCwidXBkYXRlIjoxODAwMDAwMDAwMDAwfX0=",
          "dependencies": [
            "module.public_ip.azurerm_public_ip.public_ips",
            "module.resource_group.azurerm_resource_group.rgs",
            "module.subnets.azurerm_subnet.subnets",
            "module.virtual_network.azurerm_virtual_network.vnets"
          ]
        }
      ]
    },
    {
      "module": "module.load_balancer",
      "mode": "managed",
      "type": "azurerm_lb",
      "name": "internal_lb",
      "provider": "provider[\"registry.terraform.io/hashicorp/azurerm\"]",
      "instances": [
        {
          "schema_version": 0,
          "attributes": {
            "edge_zone": "",
            "frontend_ip_configuration": [
              {
                "gateway_load_balancer_frontend_ip_configuration_id": "",
                "id": "/subscriptions/56d4ebce-52e4-4807-ac43-48cb1bef8c71/resourceGroups/iad-az-dev-rg/providers/Microsoft.Network/loadBalancers/iad-az-dev-backend-lb/frontendIPConfigurations/internal-lb-frontend-ip",
                "inbound_nat_rules": [],
                "load_balancer_rules": [
                  "/subscriptions/56d4ebce-52e4-4807-ac43-48cb1bef8c71/resourceGroups/iad-az-dev-rg/providers/Microsoft.Network/loadBalancers/iad-az-dev-backend-lb/loadBalancingRules/internal-lb-rule"
                ],
                "name": "internal-lb-frontend-ip",
                "outbound_rules": [],
                "private_ip_address": "10.0.2.6",
                "private_ip_address_allocation": "Dynamic",
                "private_ip_address_version": "IPv4",
                "public_ip_address_id": "",
                "public_ip_prefix_id": "",
                "subnet_id": "/subscriptions/56d4ebce-52e4-4807-ac43-48cb1bef8c71/resourceGroups/iad-az-dev-rg/providers/Microsoft.Network/virtualNetworks/iad-az-dev-vnet/subnets/iad-az-dev-backend-subnet",
                "zones": []
              }
            ],
            "id": "/subscriptions/56d4ebce-52e4-4807-ac43-48cb1bef8c71/resourceGroups/iad-az-dev-rg/providers/Microsoft.Network/loadBalancers/iad-az-dev-backend-lb",
            "location": "centralindia",
            "name": "iad-az-dev-backend-lb",
            "private_ip_address": "10.0.2.6",
            "private_ip_addresses": [
              "10.0.2.6"
            ],
            "public_ip_address_id": null,
            "resource_group_name": "iad-az-dev-rg",
            "sku": "Standard",
            "sku_tier": "Regional",
            "subnet_id": null,
            "tags": {},
            "timeouts": null
          },
          "sensitive_attributes": [],
          "identity_schema_version": 0,
          "private": "eyJlMmJmYjczMC1lY2FhLTExZTYtOGY4OC0zNDM2M2JjN2M0YzAiOnsiY3JlYXRlIjoxODAwMDAwMDAwMDAwLCJkZWxldGUiOjE4MDAwMDAwMDAwMDAsInJlYWQiOjMwMDAwMDAwMDAwMCwidXBkYXRlIjoxODAwMDAwMDAwMDAwfX0=",
          "dependencies": [
            "module.resource_group.azurerm_resource_group.rgs",
            "module.subnets.azurerm_subnet.subnets",
            "module.virtual_machine.azurerm_linux_virtual_machine.linux_vms",
            "module.virtual_machine.azurerm_network_interface.nics",
            "module.virtual_network.azurerm_virtual_network.vnets"
          ]
        }
      ]
    },
    {
      "module": "module.load_balancer",
      "mode": "managed",
      "type": "azurerm_lb_backend_address_pool",
      "name": "lb_pool",
      "provider": "provider[\"registry.terraform.io/hashicorp/azurerm\"]",
      "instances": [
        {
          "schema_version": 0,
          "attributes": {
            "backend_ip_configurations": [
              "/subscriptions/56d4ebce-52e4-4807-ac43-48cb1bef8c71/resourceGroups/iad-az-dev-rg/providers/Microsoft.Network/networkInterfaces/iad-az-dev-vm-backend-2-nic/ipConfigurations/internal",
              "/subscriptions/56d4ebce-52e4-4807-ac43-48cb1bef8c71/resourceGroups/iad-az-dev-rg/providers/Microsoft.Network/networkInterfaces/iad-az-dev-vm-backend-1-nic/ipConfigurations/internal"
            ],
            "id": "/subscriptions/56d4ebce-52e4-4807-ac43-48cb1bef8c71/resourceGroups/iad-az-dev-rg/providers/Microsoft.Network/loadBalancers/iad-az-dev-backend-lb/backendAddressPools/backend-pool",
            "inbound_nat_rules": [],
            "load_balancing_rules": [
              "/subscriptions/56d4ebce-52e4-4807-ac43-48cb1bef8c71/resourceGroups/iad-az-dev-rg/providers/Microsoft.Network/loadBalancers/iad-az-dev-backend-lb/loadBalancingRules/internal-lb-rule"
            ],
            "loadbalancer_id": "/subscriptions/56d4ebce-52e4-4807-ac43-48cb1bef8c71/resourceGroups/iad-az-dev-rg/providers/Microsoft.Network/loadBalancers/iad-az-dev-backend-lb",
            "name": "backend-pool",
            "outbound_rules": [],
            "synchronous_mode": "",
            "timeouts": null,
            "tunnel_interface": [],
            "virtual_network_id": ""
          },
          "sensitive_attributes": [],
          "identity_schema_version": 0,
          "private": "eyJlMmJmYjczMC1lY2FhLTExZTYtOGY4OC0zNDM2M2JjN2M0YzAiOnsiY3JlYXRlIjoxODAwMDAwMDAwMDAwLCJkZWxldGUiOjE4MDAwMDAwMDAwMDAsInJlYWQiOjMwMDAwMDAwMDAwMCwidXBkYXRlIjoxODAwMDAwMDAwMDAwfX0=",
          "dependencies": [
            "module.load_balancer.azurerm_lb.internal_lb",
            "module.resource_group.azurerm_resource_group.rgs",
            "module.subnets.azurerm_subnet.subnets",
            "module.virtual_machine.azurerm_linux_virtual_machine.linux_vms",
            "module.virtual_machine.azurerm_network_interface.nics",
            "module.virtual_network.azurerm_virtual_network.vnets"
          ]
        }
      ]
    },
    {
      "module": "module.load_balancer",
      "mode": "managed",
      "type": "azurerm_lb_probe",
      "name": "lb_probe",
      "provider": "provider[\"registry.terraform.io/hashicorp/azurerm\"]",
      "instances": [
        {
          "schema_version": 0,
          "attributes": {
            "id": "/subscriptions/56d4ebce-52e4-4807-ac43-48cb1bef8c71/resourceGroups/iad-az-dev-rg/providers/Microsoft.Network/loadBalancers/iad-az-dev-backend-lb/probes/http-probe",
            "interval_in_seconds": 15,
            "load_balancer_rules": [
              "/subscriptions/56d4ebce-52e4-4807-ac43-48cb1bef8c71/resourceGroups/iad-az-dev-rg/providers/Microsoft.Network/loadBalancers/iad-az-dev-backend-lb/loadBalancingRules/internal-lb-rule"
            ],
            "loadbalancer_id": "/subscriptions/56d4ebce-52e4-4807-ac43-48cb1bef8c71/resourceGroups/iad-az-dev-rg/providers/Microsoft.Network/loadBalancers/iad-az-dev-backend-lb",
            "name": "http-probe",
            "number_of_probes": 2,
            "port": 80,
            "probe_threshold": 1,
            "protocol": "Tcp",
            "request_path": "",
            "timeouts": null
          },
          "sensitive_attributes": [],
          "identity_schema_version": 0,
          "private": "eyJlMmJmYjczMC1lY2FhLTExZTYtOGY4OC0zNDM2M2JjN2M0YzAiOnsiY3JlYXRlIjoxODAwMDAwMDAwMDAwLCJkZWxldGUiOjE4MDAwMDAwMDAwMDAsInJlYWQiOjMwMDAwMDAwMDAwMCwidXBkYXRlIjoxODAwMDAwMDAwMDAwfX0=",
          "dependencies": [
            "module.load_balancer.azurerm_lb.internal_lb",
            "module.resource_group.azurerm_resource_group.rgs",
            "module.subnets.azurerm_subnet.subnets",
            "module.virtual_machine.azurerm_linux_virtual_machine.linux_vms",
            "module.virtual_machine.azurerm_network_interface.nics",
            "module.virtual_network.azurerm_virtual_network.vnets"
          ]
        }
      ]
    },
    {
      "module": "module.load_balancer",
      "mode": "managed",
      "type": "azurerm_lb_rule",
      "name": "lb_rule",
      "provider": "provider[\"registry.terraform.io/hashicorp/azurerm\"]",
      "instances": [
        {
          "schema_version": 0,
          "attributes": {
            "backend_address_pool_ids": [
              "/subscriptions/56d4ebce-52e4-4807-ac43-48cb1bef8c71/resourceGroups/iad-az-dev-rg/providers/Microsoft.Network/loadBalancers/iad-az-dev-backend-lb/backendAddressPools/backend-pool"
            ],
            "backend_port": 80,
            "disable_outbound_snat": false,
            "enable_floating_ip": false,
            "enable_tcp_reset": false,
            "floating_ip_enabled": false,
            "frontend_ip_configuration_id": "/subscriptions/56d4ebce-52e4-4807-ac43-48cb1bef8c71/resourceGroups/iad-az-dev-rg/providers/Microsoft.Network/loadBalancers/iad-az-dev-backend-lb/frontendIPConfigurations/internal-lb-frontend-ip",
            "frontend_ip_configuration_name": "internal-lb-frontend-ip",
            "frontend_port": 80,
            "id": "/subscriptions/56d4ebce-52e4-4807-ac43-48cb1bef8c71/resourceGroups/iad-az-dev-rg/providers/Microsoft.Network/loadBalancers/iad-az-dev-backend-lb/loadBalancingRules/internal-lb-rule",
            "idle_timeout_in_minutes": 4,
            "load_distribution": "Default",
            "loadbalancer_id": "/subscriptions/56d4ebce-52e4-4807-ac43-48cb1bef8c71/resourceGroups/iad-az-dev-rg/providers/Microsoft.Network/loadBalancers/iad-az-dev-backend-lb",
            "name": "internal-lb-rule",
            "probe_id": "/subscriptions/56d4ebce-52e4-4807-ac43-48cb1bef8c71/resourceGroups/iad-az-dev-rg/providers/Microsoft.Network/loadBalancers/iad-az-dev-backend-lb/probes/http-probe",
            "protocol": "Tcp",
            "tcp_reset_enabled": false,
            "timeouts": null
          },
          "sensitive_attributes": [],
          "identity_schema_version": 0,
          "private": "eyJlMmJmYjczMC1lY2FhLTExZTYtOGY4OC0zNDM2M2JjN2M0YzAiOnsiY3JlYXRlIjoxODAwMDAwMDAwMDAwLCJkZWxldGUiOjE4MDAwMDAwMDAwMDAsInJlYWQiOjMwMDAwMDAwMDAwMCwidXBkYXRlIjoxODAwMDAwMDAwMDAwfX0=",
          "dependencies": [
            "module.load_balancer.azurerm_lb.internal_lb",
            "module.load_balancer.azurerm_lb_backend_address_pool.lb_pool",
            "module.load_balancer.azurerm_lb_probe.lb_probe",
            "module.resource_group.azurerm_resource_group.rgs",
            "module.subnets.azurerm_subnet.subnets",
            "module.virtual_machine.azurerm_linux_virtual_machine.linux_vms",
            "module.virtual_machine.azurerm_network_interface.nics",
            "module.virtual_network.azurerm_virtual_network.vnets"
          ]
        }
      ]
    },
    {
      "module": "module.load_balancer",
      "mode": "managed",
      "type": "azurerm_network_interface_backend_address_pool_association",
      "name": "nic_assoc",
      "provider": "provider[\"registry.terraform.io/hashicorp/azurerm\"]",
      "instances": [
        {
          "index_key": "backend_vm1",
          "schema_version": 0,
          "attributes": {
            "backend_address_pool_id": "/subscriptions/56d4ebce-52e4-4807-ac43-48cb1bef8c71/resourceGroups/iad-az-dev-rg/providers/Microsoft.Network/loadBalancers/iad-az-dev-backend-lb/backendAddressPools/backend-pool",
            "id": "/subscriptions/56d4ebce-52e4-4807-ac43-48cb1bef8c71/resourceGroups/iad-az-dev-rg/providers/Microsoft.Network/networkInterfaces/iad-az-dev-vm-backend-1-nic/ipConfigurations/internal|/subscriptions/56d4ebce-52e4-4807-ac43-48cb1bef8c71/resourceGroups/iad-az-dev-rg/providers/Microsoft.Network/loadBalancers/iad-az-dev-backend-lb/backendAddressPools/backend-pool",
            "ip_configuration_name": "internal",
            "network_interface_id": "/subscriptions/56d4ebce-52e4-4807-ac43-48cb1bef8c71/resourceGroups/iad-az-dev-rg/providers/Microsoft.Network/networkInterfaces/iad-az-dev-vm-backend-1-nic",
            "timeouts": null
          },
          "sensitive_attributes": [],
          "identity_schema_version": 0,
          "private": "eyJlMmJmYjczMC1lY2FhLTExZTYtOGY4OC0zNDM2M2JjN2M0YzAiOnsiY3JlYXRlIjoxODAwMDAwMDAwMDAwLCJkZWxldGUiOjE4MDAwMDAwMDAwMDAsInJlYWQiOjMwMDAwMDAwMDAwMH19",
          "dependencies": [
            "module.load_balancer.azurerm_lb.internal_lb",
            "module.load_balancer.azurerm_lb_backend_address_pool.lb_pool",
            "module.resource_group.azurerm_resource_group.rgs",
            "module.subnets.azurerm_subnet.subnets",
            "module.virtual_machine.azurerm_linux_virtual_machine.linux_vms",
            "module.virtual_machine.azurerm_network_interface.nics",
            "module.virtual_network.azurerm_virtual_network.vnets"
          ]
        },
        {
          "index_key": "backend_vm2",
          "schema_version": 0,
          "attributes": {
            "backend_address_pool_id": "/subscriptions/56d4ebce-52e4-4807-ac43-48cb1bef8c71/resourceGroups/iad-az-dev-rg/providers/Microsoft.Network/loadBalancers/iad-az-dev-backend-lb/backendAddressPools/backend-pool",
            "id": "/subscriptions/56d4ebce-52e4-4807-ac43-48cb1bef8c71/resourceGroups/iad-az-dev-rg/providers/Microsoft.Network/networkInterfaces/iad-az-dev-vm-backend-2-nic/ipConfigurations/internal|/subscriptions/56d4ebce-52e4-4807-ac43-48cb1bef8c71/resourceGroups/iad-az-dev-rg/providers/Microsoft.Network/loadBalancers/iad-az-dev-backend-lb/backendAddressPools/backend-pool",
            "ip_configuration_name": "internal",
            "network_interface_id": "/subscriptions/56d4ebce-52e4-4807-ac43-48cb1bef8c71/resourceGroups/iad-az-dev-rg/providers/Microsoft.Network/networkInterfaces/iad-az-dev-vm-backend-2-nic",
            "timeouts": null
          },
          "sensitive_attributes": [],
          "identity_schema_version": 0,
          "private": "eyJlMmJmYjczMC1lY2FhLTExZTYtOGY4OC0zNDM2M2JjN2M0YzAiOnsiY3JlYXRlIjoxODAwMDAwMDAwMDAwLCJkZWxldGUiOjE4MDAwMDAwMDAwMDAsInJlYWQiOjMwMDAwMDAwMDAwMH19",
          "dependencies": [
            "module.load_balancer.azurerm_lb.internal_lb",
            "module.load_balancer.azurerm_lb_backend_address_pool.lb_pool",
            "module.resource_group.azurerm_resource_group.rgs",
            "module.subnets.azurerm_subnet.subnets",
            "module.virtual_machine.azurerm_linux_virtual_machine.linux_vms",
            "module.virtual_machine.azurerm_network_interface.nics",
            "module.virtual_network.azurerm_virtual_network.vnets"
          ]
        }
      ]
    },
    {
      "module": "module.public_ip",
      "mode": "managed",
      "type": "azurerm_public_ip",
      "name": "public_ips",
      "provider": "provider[\"registry.terraform.io/hashicorp/azurerm\"]",
      "instances": [
        {
          "index_key": "appgw",
          "schema_version": 0,
          "attributes": {
            "allocation_method": "Static",
            "ddos_protection_mode": "VirtualNetworkInherited",
            "ddos_protection_plan_id": null,
            "domain_name_label": "",
            "domain_name_label_scope": "",
            "edge_zone": "",
            "fqdn": "",
            "id": "/subscriptions/56d4ebce-52e4-4807-ac43-48cb1bef8c71/resourceGroups/iad-az-dev-rg/providers/Microsoft.Network/publicIPAddresses/iad-az-dev-appgw-pip",
            "idle_timeout_in_minutes": 4,
            "ip_address": "40.80.91.119",
            "ip_tags": {},
            "ip_version": "IPv4",
            "location": "centralindia",
            "name": "iad-az-dev-appgw-pip",
            "public_ip_prefix_id": null,
            "resource_group_name": "iad-az-dev-rg",
            "reverse_fqdn": "",
            "sku": "Standard",
            "sku_tier": "Regional",
            "tags": {},
            "timeouts": null,
            "zones": []
          },
          "sensitive_attributes": [],
          "identity_schema_version": 0,
          "identity": {
            "name": "iad-az-dev-appgw-pip",
            "resource_group_name": "iad-az-dev-rg",
            "subscription_id": "56d4ebce-52e4-4807-ac43-48cb1bef8c71"
          },
          "private": "eyJlMmJmYjczMC1lY2FhLTExZTYtOGY4OC0zNDM2M2JjN2M0YzAiOnsiY3JlYXRlIjoxODAwMDAwMDAwMDAwLCJkZWxldGUiOjE4MDAwMDAwMDAwMDAsInJlYWQiOjMwMDAwMDAwMDAwMCwidXBkYXRlIjoxODAwMDAwMDAwMDAwfX0=",
          "dependencies": [
            "module.resource_group.azurerm_resource_group.rgs"
          ]
        },
        {
          "index_key": "bastion",
          "schema_version": 0,
          "attributes": {
            "allocation_method": "Static",
            "ddos_protection_mode": "VirtualNetworkInherited",
            "ddos_protection_plan_id": null,
            "domain_name_label": "",
            "domain_name_label_scope": "",
            "edge_zone": "",
            "fqdn": "",
            "id": "/subscriptions/56d4ebce-52e4-4807-ac43-48cb1bef8c71/resourceGroups/iad-az-dev-rg/providers/Microsoft.Network/publicIPAddresses/iad-az-dev-bastion-pip",
            "idle_timeout_in_minutes": 4,
            "ip_address": "40.80.80.56",
            "ip_tags": {},
            "ip_version": "IPv4",
            "location": "centralindia",
            "name": "iad-az-dev-bastion-pip",
            "public_ip_prefix_id": null,
            "resource_group_name": "iad-az-dev-rg",
            "reverse_fqdn": "",
            "sku": "Standard",
            "sku_tier": "Regional",
            "tags": {},
            "timeouts": null,
            "zones": []
          },
          "sensitive_attributes": [],
          "identity_schema_version": 0,
          "identity": {
            "name": "iad-az-dev-bastion-pip",
            "resource_group_name": "iad-az-dev-rg",
            "subscription_id": "56d4ebce-52e4-4807-ac43-48cb1bef8c71"
          },
          "private": "eyJlMmJmYjczMC1lY2FhLTExZTYtOGY4OC0zNDM2M2JjN2M0YzAiOnsiY3JlYXRlIjoxODAwMDAwMDAwMDAwLCJkZWxldGUiOjE4MDAwMDAwMDAwMDAsInJlYWQiOjMwMDAwMDAwMDAwMCwidXBkYXRlIjoxODAwMDAwMDAwMDAwfX0=",
          "dependencies": [
            "module.resource_group.azurerm_resource_group.rgs"
          ]
        }
      ]
    },
    {
      "module": "module.resource_group",
      "mode": "managed",
      "type": "azurerm_resource_group",
      "name": "rgs",
      "provider": "provider[\"registry.terraform.io/hashicorp/azurerm\"]",
      "instances": [
        {
          "index_key": "iad_az_dev",
          "schema_version": 0,
          "attributes": {
            "id": "/subscriptions/56d4ebce-52e4-4807-ac43-48cb1bef8c71/resourceGroups/iad-az-dev-rg",
            "location": "centralindia",
            "managed_by": "",
            "name": "iad-az-dev-rg",
            "tags": {
              "accountable_team": "Dev-Team",
              "cost_center": "CC-12345",
              "created_by": "ashok-devops",
              "environment": "dev",
              "environment_type": "Development",
              "managed_by": "Infra-Team",
              "project": "iad-az-dev-landing-zone",
              "requested_by": "Dev-Team"
            },
            "timeouts": null
          },
          "sensitive_attributes": [],
          "identity_schema_version": 0,
          "identity": {
            "name": "iad-az-dev-rg",
            "subscription_id": "56d4ebce-52e4-4807-ac43-48cb1bef8c71"
          },
          "private": "eyJlMmJmYjczMC1lY2FhLTExZTYtOGY4OC0zNDM2M2JjN2M0YzAiOnsiY3JlYXRlIjo1NDAwMDAwMDAwMDAwLCJkZWxldGUiOjU0MDAwMDAwMDAwMDAsInJlYWQiOjMwMDAwMDAwMDAwMCwidXBkYXRlIjo1NDAwMDAwMDAwMDAwfX0="
        }
      ]
    },
    {
      "module": "module.subnets",
      "mode": "managed",
      "type": "azurerm_subnet",
      "name": "subnets",
      "provider": "provider[\"registry.terraform.io/hashicorp/azurerm\"]",
      "instances": [
        {
          "index_key": "appgw",
          "schema_version": 0,
          "attributes": {
            "address_prefixes": [
              "10.0.0.0/24"
            ],
            "default_outbound_access_enabled": true,
            "delegation": [],
            "id": "/subscriptions/56d4ebce-52e4-4807-ac43-48cb1bef8c71/resourceGroups/iad-az-dev-rg/providers/Microsoft.Network/virtualNetworks/iad-az-dev-vnet/subnets/iad-az-dev-appgw-subnet",
            "ip_address_pool": [],
            "name": "iad-az-dev-appgw-subnet",
            "private_endpoint_network_policies": "Disabled",
            "private_link_service_network_policies_enabled": true,
            "resource_group_name": "iad-az-dev-rg",
            "service_endpoint_policy_ids": [],
            "service_endpoints": [],
            "sharing_scope": "",
            "timeouts": null,
            "virtual_network_name": "iad-az-dev-vnet"
          },
          "sensitive_attributes": [],
          "identity_schema_version": 0,
          "identity": {
            "name": "iad-az-dev-appgw-subnet",
            "resource_group_name": "iad-az-dev-rg",
            "subscription_id": "56d4ebce-52e4-4807-ac43-48cb1bef8c71",
            "virtual_network_name": "iad-az-dev-vnet"
          },
          "private": "eyJlMmJmYjczMC1lY2FhLTExZTYtOGY4OC0zNDM2M2JjN2M0YzAiOnsiY3JlYXRlIjoxODAwMDAwMDAwMDAwLCJkZWxldGUiOjE4MDAwMDAwMDAwMDAsInJlYWQiOjMwMDAwMDAwMDAwMCwidXBkYXRlIjoxODAwMDAwMDAwMDAwfX0=",
          "dependencies": [
            "module.resource_group.azurerm_resource_group.rgs",
            "module.virtual_network.azurerm_virtual_network.vnets"
          ]
        },
        {
          "index_key": "backend",
          "schema_version": 0,
          "attributes": {
            "address_prefixes": [
              "10.0.2.0/24"
            ],
            "default_outbound_access_enabled": true,
            "delegation": [],
            "id": "/subscriptions/56d4ebce-52e4-4807-ac43-48cb1bef8c71/resourceGroups/iad-az-dev-rg/providers/Microsoft.Network/virtualNetworks/iad-az-dev-vnet/subnets/iad-az-dev-backend-subnet",
            "ip_address_pool": [],
            "name": "iad-az-dev-backend-subnet",
            "private_endpoint_network_policies": "Disabled",
            "private_link_service_network_policies_enabled": true,
            "resource_group_name": "iad-az-dev-rg",
            "service_endpoint_policy_ids": [],
            "service_endpoints": [],
            "sharing_scope": "",
            "timeouts": null,
            "virtual_network_name": "iad-az-dev-vnet"
          },
          "sensitive_attributes": [],
          "identity_schema_version": 0,
          "identity": {
            "name": "iad-az-dev-backend-subnet",
            "resource_group_name": "iad-az-dev-rg",
            "subscription_id": "56d4ebce-52e4-4807-ac43-48cb1bef8c71",
            "virtual_network_name": "iad-az-dev-vnet"
          },
          "private": "eyJlMmJmYjczMC1lY2FhLTExZTYtOGY4OC0zNDM2M2JjN2M0YzAiOnsiY3JlYXRlIjoxODAwMDAwMDAwMDAwLCJkZWxldGUiOjE4MDAwMDAwMDAwMDAsInJlYWQiOjMwMDAwMDAwMDAwMCwidXBkYXRlIjoxODAwMDAwMDAwMDAwfX0=",
          "dependencies": [
            "module.resource_group.azurerm_resource_group.rgs",
            "module.virtual_network.azurerm_virtual_network.vnets"
          ]
        },
        {
          "index_key": "bastion",
          "schema_version": 0,
          "attributes": {
            "address_prefixes": [
              "10.0.4.0/26"
            ],
            "default_outbound_access_enabled": true,
            "delegation": [],
            "id": "/subscriptions/56d4ebce-52e4-4807-ac43-48cb1bef8c71/resourceGroups/iad-az-dev-rg/providers/Microsoft.Network/virtualNetworks/iad-az-dev-vnet/subnets/AzureBastionSubnet",
            "ip_address_pool": [],
            "name": "AzureBastionSubnet",
            "private_endpoint_network_policies": "Disabled",
            "private_link_service_network_policies_enabled": true,
            "resource_group_name": "iad-az-dev-rg",
            "service_endpoint_policy_ids": [],
            "service_endpoints": [],
            "sharing_scope": "",
            "timeouts": null,
            "virtual_network_name": "iad-az-dev-vnet"
          },
          "sensitive_attributes": [],
          "identity_schema_version": 0,
          "identity": {
            "name": "AzureBastionSubnet",
            "resource_group_name": "iad-az-dev-rg",
            "subscription_id": "56d4ebce-52e4-4807-ac43-48cb1bef8c71",
            "virtual_network_name": "iad-az-dev-vnet"
          },
          "private": "eyJlMmJmYjczMC1lY2FhLTExZTYtOGY4OC0zNDM2M2JjN2M0YzAiOnsiY3JlYXRlIjoxODAwMDAwMDAwMDAwLCJkZWxldGUiOjE4MDAwMDAwMDAwMDAsInJlYWQiOjMwMDAwMDAwMDAwMCwidXBkYXRlIjoxODAwMDAwMDAwMDAwfX0=",
          "dependencies": [
            "module.resource_group.azurerm_resource_group.rgs",
            "module.virtual_network.azurerm_virtual_network.vnets"
          ]
        },
        {
          "index_key": "database",
          "schema_version": 0,
          "attributes": {
            "address_prefixes": [
              "10.0.3.0/24"
            ],
            "default_outbound_access_enabled": true,
            "delegation": [],
            "id": "/subscriptions/56d4ebce-52e4-4807-ac43-48cb1bef8c71/resourceGroups/iad-az-dev-rg/providers/Microsoft.Network/virtualNetworks/iad-az-dev-vnet/subnets/iad-az-dev-database-subnet",
            "ip_address_pool": [],
            "name": "iad-az-dev-database-subnet",
            "private_endpoint_network_policies": "Disabled",
            "private_link_service_network_policies_enabled": true,
            "resource_group_name": "iad-az-dev-rg",
            "service_endpoint_policy_ids": [],
            "service_endpoints": [],
            "sharing_scope": "",
            "timeouts": null,
            "virtual_network_name": "iad-az-dev-vnet"
          },
          "sensitive_attributes": [],
          "identity_schema_version": 0,
          "identity": {
            "name": "iad-az-dev-database-subnet",
            "resource_group_name": "iad-az-dev-rg",
            "subscription_id": "56d4ebce-52e4-4807-ac43-48cb1bef8c71",
            "virtual_network_name": "iad-az-dev-vnet"
          },
          "private": "eyJlMmJmYjczMC1lY2FhLTExZTYtOGY4OC0zNDM2M2JjN2M0YzAiOnsiY3JlYXRlIjoxODAwMDAwMDAwMDAwLCJkZWxldGUiOjE4MDAwMDAwMDAwMDAsInJlYWQiOjMwMDAwMDAwMDAwMCwidXBkYXRlIjoxODAwMDAwMDAwMDAwfX0=",
          "dependencies": [
            "module.resource_group.azurerm_resource_group.rgs",
            "module.virtual_network.azurerm_virtual_network.vnets"
          ]
        },
        {
          "index_key": "frontend",
          "schema_version": 0,
          "attributes": {
            "address_prefixes": [
              "10.0.1.0/24"
            ],
            "default_outbound_access_enabled": true,
            "delegation": [],
            "id": "/subscriptions/56d4ebce-52e4-4807-ac43-48cb1bef8c71/resourceGroups/iad-az-dev-rg/providers/Microsoft.Network/virtualNetworks/iad-az-dev-vnet/subnets/iad-az-dev-frontend-subnet",
            "ip_address_pool": [],
            "name": "iad-az-dev-frontend-subnet",
            "private_endpoint_network_policies": "Disabled",
            "private_link_service_network_policies_enabled": true,
            "resource_group_name": "iad-az-dev-rg",
            "service_endpoint_policy_ids": [],
            "service_endpoints": [],
            "sharing_scope": "",
            "timeouts": null,
            "virtual_network_name": "iad-az-dev-vnet"
          },
          "sensitive_attributes": [],
          "identity_schema_version": 0,
          "identity": {
            "name": "iad-az-dev-frontend-subnet",
            "resource_group_name": "iad-az-dev-rg",
            "subscription_id": "56d4ebce-52e4-4807-ac43-48cb1bef8c71",
            "virtual_network_name": "iad-az-dev-vnet"
          },
          "private": "eyJlMmJmYjczMC1lY2FhLTExZTYtOGY4OC0zNDM2M2JjN2M0YzAiOnsiY3JlYXRlIjoxODAwMDAwMDAwMDAwLCJkZWxldGUiOjE4MDAwMDAwMDAwMDAsInJlYWQiOjMwMDAwMDAwMDAwMCwidXBkYXRlIjoxODAwMDAwMDAwMDAwfX0=",
          "dependencies": [
            "module.resource_group.azurerm_resource_group.rgs",
            "module.virtual_network.azurerm_virtual_network.vnets"
          ]
        }
      ]
    },
    {
      "module": "module.virtual_machine",
      "mode": "managed",
      "type": "azurerm_linux_virtual_machine",
      "name": "linux_vms",
      "provider": "provider[\"registry.terraform.io/hashicorp/azurerm\"]",
      "instances": [
        {
          "index_key": "backend_vm1",
          "schema_version": 0,
          "attributes": {
            "additional_capabilities": [],
            "admin_password": "P@ssw0rd123456!",
            "admin_ssh_key": [],
            "admin_username": "azureuser",
            "allow_extension_operations": true,
            "availability_set_id": "",
            "boot_diagnostics": [],
            "bypass_platform_safety_checks_on_user_schedule_enabled": false,
            "capacity_reservation_group_id": "",
            "computer_name": "iad-az-dev-vm-backend-1",
            "custom_data": null,
            "dedicated_host_group_id": "",
            "dedicated_host_id": "",
            "disable_password_authentication": false,
            "disk_controller_type": "",
            "edge_zone": "",
            "encryption_at_host_enabled": false,
            "eviction_policy": "",
            "extensions_time_budget": "PT1H30M",
            "gallery_application": [],
            "id": "/subscriptions/56d4ebce-52e4-4807-ac43-48cb1bef8c71/resourceGroups/iad-az-dev-rg/providers/Microsoft.Compute/virtualMachines/iad-az-dev-vm-backend-1",
            "identity": [],
            "license_type": "",
            "location": "centralindia",
            "max_bid_price": -1,
            "name": "iad-az-dev-vm-backend-1",
            "network_interface_ids": [
              "/subscriptions/56d4ebce-52e4-4807-ac43-48cb1bef8c71/resourceGroups/iad-az-dev-rg/providers/Microsoft.Network/networkInterfaces/iad-az-dev-vm-backend-1-nic"
            ],
            "os_disk": [
              {
                "caching": "ReadWrite",
                "diff_disk_settings": [],
                "disk_encryption_set_id": "",
                "disk_size_gb": 30,
                "id": "/subscriptions/56d4ebce-52e4-4807-ac43-48cb1bef8c71/resourceGroups/iad-az-dev-rg/providers/Microsoft.Compute/disks/iad-az-dev-vm-backend-1_disk1_b6af6f9e19dc4b1ebf172c549c8a878e",
                "name": "iad-az-dev-vm-backend-1_disk1_b6af6f9e19dc4b1ebf172c549c8a878e",
                "secure_vm_disk_encryption_set_id": "",
                "security_encryption_type": "",
                "storage_account_type": "Standard_LRS",
                "write_accelerator_enabled": false
              }
            ],
            "os_image_notification": [],
            "os_managed_disk_id": "/subscriptions/56d4ebce-52e4-4807-ac43-48cb1bef8c71/resourceGroups/iad-az-dev-rg/providers/Microsoft.Compute/disks/iad-az-dev-vm-backend-1_disk1_b6af6f9e19dc4b1ebf172c549c8a878e",
            "patch_assessment_mode": "ImageDefault",
            "patch_mode": "ImageDefault",
            "plan": [],
            "platform_fault_domain": -1,
            "priority": "Regular",
            "private_ip_address": "10.0.2.5",
            "private_ip_addresses": [
              "10.0.2.5"
            ],
            "provision_vm_agent": true,
            "proximity_placement_group_id": "",
            "public_ip_address": "",
            "public_ip_addresses": [],
            "reboot_setting": "",
            "resource_group_name": "iad-az-dev-rg",
            "secret": [],
            "secure_boot_enabled": false,
            "size": "Standard_D2s_v3",
            "source_image_id": "",
            "source_image_reference": [
              {
                "offer": "0001-com-ubuntu-server-jammy",
                "publisher": "Canonical",
                "sku": "22_04-lts",
                "version": "latest"
              }
            ],
            "tags": {},
            "termination_notification": [],
            "timeouts": null,
            "user_data": "",
            "virtual_machine_id": "c66c8a4d-bb43-4ff8-819e-c7d7ad93831d",
            "virtual_machine_scale_set_id": "",
            "vm_agent_platform_updates_enabled": false,
            "vtpm_enabled": false,
            "zone": ""
          },
          "sensitive_attributes": [
            [
              {
                "type": "get_attr",
                "value": "admin_password"
              }
            ],
            [
              {
                "type": "get_attr",
                "value": "custom_data"
              }
            ]
          ],
          "identity_schema_version": 0,
          "private": "eyJlMmJmYjczMC1lY2FhLTExZTYtOGY4OC0zNDM2M2JjN2M0YzAiOnsiY3JlYXRlIjoyNzAwMDAwMDAwMDAwLCJkZWxldGUiOjI3MDAwMDAwMDAwMDAsInJlYWQiOjMwMDAwMDAwMDAwMCwidXBkYXRlIjoyNzAwMDAwMDAwMDAwfX0=",
          "dependencies": [
            "module.resource_group.azurerm_resource_group.rgs",
            "module.subnets.azurerm_subnet.subnets",
            "module.virtual_machine.azurerm_network_interface.nics",
            "module.virtual_network.azurerm_virtual_network.vnets"
          ]
        },
        {
          "index_key": "backend_vm2",
          "schema_version": 0,
          "attributes": {
            "additional_capabilities": [],
            "admin_password": "P@ssw0rd123456!",
            "admin_ssh_key": [],
            "admin_username": "azureuser",
            "allow_extension_operations": true,
            "availability_set_id": "",
            "boot_diagnostics": [],
            "bypass_platform_safety_checks_on_user_schedule_enabled": false,
            "capacity_reservation_group_id": "",
            "computer_name": "iad-az-dev-vm-backend-2",
            "custom_data": null,
            "dedicated_host_group_id": "",
            "dedicated_host_id": "",
            "disable_password_authentication": false,
            "disk_controller_type": "",
            "edge_zone": "",
            "encryption_at_host_enabled": false,
            "eviction_policy": "",
            "extensions_time_budget": "PT1H30M",
            "gallery_application": [],
            "id": "/subscriptions/56d4ebce-52e4-4807-ac43-48cb1bef8c71/resourceGroups/iad-az-dev-rg/providers/Microsoft.Compute/virtualMachines/iad-az-dev-vm-backend-2",
            "identity": [],
            "license_type": "",
            "location": "centralindia",
            "max_bid_price": -1,
            "name": "iad-az-dev-vm-backend-2",
            "network_interface_ids": [
              "/subscriptions/56d4ebce-52e4-4807-ac43-48cb1bef8c71/resourceGroups/iad-az-dev-rg/providers/Microsoft.Network/networkInterfaces/iad-az-dev-vm-backend-2-nic"
            ],
            "os_disk": [
              {
                "caching": "ReadWrite",
                "diff_disk_settings": [],
                "disk_encryption_set_id": "",
                "disk_size_gb": 30,
                "id": "/subscriptions/56d4ebce-52e4-4807-ac43-48cb1bef8c71/resourceGroups/iad-az-dev-rg/providers/Microsoft.Compute/disks/iad-az-dev-vm-backend-2_disk1_c2c1d686e21a49559c2668216016dba3",
                "name": "iad-az-dev-vm-backend-2_disk1_c2c1d686e21a49559c2668216016dba3",
                "secure_vm_disk_encryption_set_id": "",
                "security_encryption_type": "",
                "storage_account_type": "Standard_LRS",
                "write_accelerator_enabled": false
              }
            ],
            "os_image_notification": [],
            "os_managed_disk_id": "/subscriptions/56d4ebce-52e4-4807-ac43-48cb1bef8c71/resourceGroups/iad-az-dev-rg/providers/Microsoft.Compute/disks/iad-az-dev-vm-backend-2_disk1_c2c1d686e21a49559c2668216016dba3",
            "patch_assessment_mode": "ImageDefault",
            "patch_mode": "ImageDefault",
            "plan": [],
            "platform_fault_domain": -1,
            "priority": "Regular",
            "private_ip_address": "10.0.2.4",
            "private_ip_addresses": [
              "10.0.2.4"
            ],
            "provision_vm_agent": true,
            "proximity_placement_group_id": "",
            "public_ip_address": "",
            "public_ip_addresses": [],
            "reboot_setting": "",
            "resource_group_name": "iad-az-dev-rg",
            "secret": [],
            "secure_boot_enabled": false,
            "size": "Standard_D2s_v3",
            "source_image_id": "",
            "source_image_reference": [
              {
                "offer": "0001-com-ubuntu-server-jammy",
                "publisher": "Canonical",
                "sku": "22_04-lts",
                "version": "latest"
              }
            ],
            "tags": {},
            "termination_notification": [],
            "timeouts": null,
            "user_data": "",
            "virtual_machine_id": "d3f664bd-d069-421d-824b-b3e5da5a8db1",
            "virtual_machine_scale_set_id": "",
            "vm_agent_platform_updates_enabled": false,
            "vtpm_enabled": false,
            "zone": ""
          },
          "sensitive_attributes": [
            [
              {
                "type": "get_attr",
                "value": "admin_password"
              }
            ],
            [
              {
                "type": "get_attr",
                "value": "custom_data"
              }
            ]
          ],
          "identity_schema_version": 0,
          "private": "eyJlMmJmYjczMC1lY2FhLTExZTYtOGY4OC0zNDM2M2JjN2M0YzAiOnsiY3JlYXRlIjoyNzAwMDAwMDAwMDAwLCJkZWxldGUiOjI3MDAwMDAwMDAwMDAsInJlYWQiOjMwMDAwMDAwMDAwMCwidXBkYXRlIjoyNzAwMDAwMDAwMDAwfX0=",
          "dependencies": [
            "module.resource_group.azurerm_resource_group.rgs",
            "module.subnets.azurerm_subnet.subnets",
            "module.virtual_machine.azurerm_network_interface.nics",
            "module.virtual_network.azurerm_virtual_network.vnets"
          ]
        },
        {
          "index_key": "database_vm1",
          "schema_version": 0,
          "attributes": {
            "additional_capabilities": [],
            "admin_password": "P@ssw0rd123456!",
            "admin_ssh_key": [],
            "admin_username": "azureuser",
            "allow_extension_operations": true,
            "availability_set_id": "",
            "boot_diagnostics": [],
            "bypass_platform_safety_checks_on_user_schedule_enabled": false,
            "capacity_reservation_group_id": "",
            "computer_name": "iad-az-dev-vm-database-1",
            "custom_data": null,
            "dedicated_host_group_id": "",
            "dedicated_host_id": "",
            "disable_password_authentication": false,
            "disk_controller_type": "",
            "edge_zone": "",
            "encryption_at_host_enabled": false,
            "eviction_policy": "",
            "extensions_time_budget": "PT1H30M",
            "gallery_application": [],
            "id": "/subscriptions/56d4ebce-52e4-4807-ac43-48cb1bef8c71/resourceGroups/iad-az-dev-rg/providers/Microsoft.Compute/virtualMachines/iad-az-dev-vm-database-1",
            "identity": [],
            "license_type": "",
            "location": "centralindia",
            "max_bid_price": -1,
            "name": "iad-az-dev-vm-database-1",
            "network_interface_ids": [
              "/subscriptions/56d4ebce-52e4-4807-ac43-48cb1bef8c71/resourceGroups/iad-az-dev-rg/providers/Microsoft.Network/networkInterfaces/iad-az-dev-vm-database-1-nic"
            ],
            "os_disk": [
              {
                "caching": "ReadWrite",
                "diff_disk_settings": [],
                "disk_encryption_set_id": "",
                "disk_size_gb": 30,
                "id": "/subscriptions/56d4ebce-52e4-4807-ac43-48cb1bef8c71/resourceGroups/iad-az-dev-rg/providers/Microsoft.Compute/disks/iad-az-dev-vm-database-1_OsDisk_1_40956c31b5dc4dce94111cc7c8d5e59a",
                "name": "iad-az-dev-vm-database-1_OsDisk_1_40956c31b5dc4dce94111cc7c8d5e59a",
                "secure_vm_disk_encryption_set_id": "",
                "security_encryption_type": "",
                "storage_account_type": "Standard_LRS",
                "write_accelerator_enabled": false
              }
            ],
            "os_image_notification": [],
            "os_managed_disk_id": "/subscriptions/56d4ebce-52e4-4807-ac43-48cb1bef8c71/resourceGroups/iad-az-dev-rg/providers/Microsoft.Compute/disks/iad-az-dev-vm-database-1_OsDisk_1_40956c31b5dc4dce94111cc7c8d5e59a",
            "patch_assessment_mode": "ImageDefault",
            "patch_mode": "ImageDefault",
            "plan": [],
            "platform_fault_domain": -1,
            "priority": "Regular",
            "private_ip_address": "10.0.3.4",
            "private_ip_addresses": [
              "10.0.3.4"
            ],
            "provision_vm_agent": true,
            "proximity_placement_group_id": "",
            "public_ip_address": "",
            "public_ip_addresses": [],
            "reboot_setting": "",
            "resource_group_name": "iad-az-dev-rg",
            "secret": [],
            "secure_boot_enabled": false,
            "size": "Standard_D2s_v3",
            "source_image_id": "",
            "source_image_reference": [
              {
                "offer": "0001-com-ubuntu-server-jammy",
                "publisher": "Canonical",
                "sku": "22_04-lts",
                "version": "latest"
              }
            ],
            "tags": {},
            "termination_notification": [],
            "timeouts": null,
            "user_data": "",
            "virtual_machine_id": "7510a62a-37ec-48cc-a3d9-ac8cebe3f4f3",
            "virtual_machine_scale_set_id": "",
            "vm_agent_platform_updates_enabled": false,
            "vtpm_enabled": false,
            "zone": ""
          },
          "sensitive_attributes": [
            [
              {
                "type": "get_attr",
                "value": "admin_password"
              }
            ],
            [
              {
                "type": "get_attr",
                "value": "custom_data"
              }
            ]
          ],
          "identity_schema_version": 0,
          "private": "eyJlMmJmYjczMC1lY2FhLTExZTYtOGY4OC0zNDM2M2JjN2M0YzAiOnsiY3JlYXRlIjoyNzAwMDAwMDAwMDAwLCJkZWxldGUiOjI3MDAwMDAwMDAwMDAsInJlYWQiOjMwMDAwMDAwMDAwMCwidXBkYXRlIjoyNzAwMDAwMDAwMDAwfX0=",
          "dependencies": [
            "module.resource_group.azurerm_resource_group.rgs",
            "module.subnets.azurerm_subnet.subnets",
            "module.virtual_machine.azurerm_network_interface.nics",
            "module.virtual_network.azurerm_virtual_network.vnets"
          ]
        },
        {
          "index_key": "frontend_vm1",
          "schema_version": 0,
          "attributes": {
            "additional_capabilities": [],
            "admin_password": "P@ssw0rd123456!",
            "admin_ssh_key": [],
            "admin_username": "azureuser",
            "allow_extension_operations": true,
            "availability_set_id": "",
            "boot_diagnostics": [],
            "bypass_platform_safety_checks_on_user_schedule_enabled": false,
            "capacity_reservation_group_id": "",
            "computer_name": "iad-az-dev-vm-frontend-1",
            "custom_data": null,
            "dedicated_host_group_id": "",
            "dedicated_host_id": "",
            "disable_password_authentication": false,
            "disk_controller_type": "",
            "edge_zone": "",
            "encryption_at_host_enabled": false,
            "eviction_policy": "",
            "extensions_time_budget": "PT1H30M",
            "gallery_application": [],
            "id": "/subscriptions/56d4ebce-52e4-4807-ac43-48cb1bef8c71/resourceGroups/iad-az-dev-rg/providers/Microsoft.Compute/virtualMachines/iad-az-dev-vm-frontend-1",
            "identity": [],
            "license_type": "",
            "location": "centralindia",
            "max_bid_price": -1,
            "name": "iad-az-dev-vm-frontend-1",
            "network_interface_ids": [
              "/subscriptions/56d4ebce-52e4-4807-ac43-48cb1bef8c71/resourceGroups/iad-az-dev-rg/providers/Microsoft.Network/networkInterfaces/iad-az-dev-vm-frontend-1-nic"
            ],
            "os_disk": [
              {
                "caching": "ReadWrite",
                "diff_disk_settings": [],
                "disk_encryption_set_id": "",
                "disk_size_gb": 30,
                "id": "/subscriptions/56d4ebce-52e4-4807-ac43-48cb1bef8c71/resourceGroups/iad-az-dev-rg/providers/Microsoft.Compute/disks/iad-az-dev-vm-frontend-1_OsDisk_1_6b71d7d708034cc48fc25a18a6cbd74e",
                "name": "iad-az-dev-vm-frontend-1_OsDisk_1_6b71d7d708034cc48fc25a18a6cbd74e",
                "secure_vm_disk_encryption_set_id": "",
                "security_encryption_type": "",
                "storage_account_type": "Standard_LRS",
                "write_accelerator_enabled": false
              }
            ],
            "os_image_notification": [],
            "os_managed_disk_id": "/subscriptions/56d4ebce-52e4-4807-ac43-48cb1bef8c71/resourceGroups/iad-az-dev-rg/providers/Microsoft.Compute/disks/iad-az-dev-vm-frontend-1_OsDisk_1_6b71d7d708034cc48fc25a18a6cbd74e",
            "patch_assessment_mode": "ImageDefault",
            "patch_mode": "ImageDefault",
            "plan": [],
            "platform_fault_domain": -1,
            "priority": "Regular",
            "private_ip_address": "10.0.1.4",
            "private_ip_addresses": [
              "10.0.1.4"
            ],
            "provision_vm_agent": true,
            "proximity_placement_group_id": "",
            "public_ip_address": "",
            "public_ip_addresses": [],
            "reboot_setting": "",
            "resource_group_name": "iad-az-dev-rg",
            "secret": [],
            "secure_boot_enabled": false,
            "size": "Standard_D2s_v3",
            "source_image_id": "",
            "source_image_reference": [
              {
                "offer": "0001-com-ubuntu-server-jammy",
                "publisher": "Canonical",
                "sku": "22_04-lts",
                "version": "latest"
              }
            ],
            "tags": {},
            "termination_notification": [],
            "timeouts": null,
            "user_data": "",
            "virtual_machine_id": "e5c042a9-6d84-4ed0-9a11-8e2fc427eb46",
            "virtual_machine_scale_set_id": "",
            "vm_agent_platform_updates_enabled": false,
            "vtpm_enabled": false,
            "zone": ""
          },
          "sensitive_attributes": [
            [
              {
                "type": "get_attr",
                "value": "admin_password"
              }
            ],
            [
              {
                "type": "get_attr",
                "value": "custom_data"
              }
            ]
          ],
          "identity_schema_version": 0,
          "private": "eyJlMmJmYjczMC1lY2FhLTExZTYtOGY4OC0zNDM2M2JjN2M0YzAiOnsiY3JlYXRlIjoyNzAwMDAwMDAwMDAwLCJkZWxldGUiOjI3MDAwMDAwMDAwMDAsInJlYWQiOjMwMDAwMDAwMDAwMCwidXBkYXRlIjoyNzAwMDAwMDAwMDAwfX0=",
          "dependencies": [
            "module.resource_group.azurerm_resource_group.rgs",
            "module.subnets.azurerm_subnet.subnets",
            "module.virtual_machine.azurerm_network_interface.nics",
            "module.virtual_network.azurerm_virtual_network.vnets"
          ]
        },
        {
          "index_key": "frontend_vm2",
          "schema_version": 0,
          "attributes": {
            "additional_capabilities": [],
            "admin_password": "P@ssw0rd123456!",
            "admin_ssh_key": [],
            "admin_username": "azureuser",
            "allow_extension_operations": true,
            "availability_set_id": "",
            "boot_diagnostics": [],
            "bypass_platform_safety_checks_on_user_schedule_enabled": false,
            "capacity_reservation_group_id": "",
            "computer_name": "iad-az-dev-vm-frontend-2",
            "custom_data": null,
            "dedicated_host_group_id": "",
            "dedicated_host_id": "",
            "disable_password_authentication": false,
            "disk_controller_type": "",
            "edge_zone": "",
            "encryption_at_host_enabled": false,
            "eviction_policy": "",
            "extensions_time_budget": "PT1H30M",
            "gallery_application": [],
            "id": "/subscriptions/56d4ebce-52e4-4807-ac43-48cb1bef8c71/resourceGroups/iad-az-dev-rg/providers/Microsoft.Compute/virtualMachines/iad-az-dev-vm-frontend-2",
            "identity": [],
            "license_type": "",
            "location": "centralindia",
            "max_bid_price": -1,
            "name": "iad-az-dev-vm-frontend-2",
            "network_interface_ids": [
              "/subscriptions/56d4ebce-52e4-4807-ac43-48cb1bef8c71/resourceGroups/iad-az-dev-rg/providers/Microsoft.Network/networkInterfaces/iad-az-dev-vm-frontend-2-nic"
            ],
            "os_disk": [
              {
                "caching": "ReadWrite",
                "diff_disk_settings": [],
                "disk_encryption_set_id": "",
                "disk_size_gb": 30,
                "id": "/subscriptions/56d4ebce-52e4-4807-ac43-48cb1bef8c71/resourceGroups/iad-az-dev-rg/providers/Microsoft.Compute/disks/iad-az-dev-vm-frontend-2_disk1_0c252af75dfe4d6c87c45ae33123da89",
                "name": "iad-az-dev-vm-frontend-2_disk1_0c252af75dfe4d6c87c45ae33123da89",
                "secure_vm_disk_encryption_set_id": "",
                "security_encryption_type": "",
                "storage_account_type": "Standard_LRS",
                "write_accelerator_enabled": false
              }
            ],
            "os_image_notification": [],
            "os_managed_disk_id": "/subscriptions/56d4ebce-52e4-4807-ac43-48cb1bef8c71/resourceGroups/iad-az-dev-rg/providers/Microsoft.Compute/disks/iad-az-dev-vm-frontend-2_disk1_0c252af75dfe4d6c87c45ae33123da89",
            "patch_assessment_mode": "ImageDefault",
            "patch_mode": "ImageDefault",
            "plan": [],
            "platform_fault_domain": -1,
            "priority": "Regular",
            "private_ip_address": "10.0.1.5",
            "private_ip_addresses": [
              "10.0.1.5"
            ],
            "provision_vm_agent": true,
            "proximity_placement_group_id": "",
            "public_ip_address": "",
            "public_ip_addresses": [],
            "reboot_setting": "",
            "resource_group_name": "iad-az-dev-rg",
            "secret": [],
            "secure_boot_enabled": false,
            "size": "Standard_D2s_v3",
            "source_image_id": "",
            "source_image_reference": [
              {
                "offer": "0001-com-ubuntu-server-jammy",
                "publisher": "Canonical",
                "sku": "22_04-lts",
                "version": "latest"
              }
            ],
            "tags": {},
            "termination_notification": [],
            "timeouts": null,
            "user_data": "",
            "virtual_machine_id": "1baa41ca-14fd-4b3b-ab5f-c4c19a6f9c65",
            "virtual_machine_scale_set_id": "",
            "vm_agent_platform_updates_enabled": false,
            "vtpm_enabled": false,
            "zone": ""
          },
          "sensitive_attributes": [
            [
              {
                "type": "get_attr",
                "value": "admin_password"
              }
            ],
            [
              {
                "type": "get_attr",
                "value": "custom_data"
              }
            ]
          ],
          "identity_schema_version": 0,
          "private": "eyJlMmJmYjczMC1lY2FhLTExZTYtOGY4OC0zNDM2M2JjN2M0YzAiOnsiY3JlYXRlIjoyNzAwMDAwMDAwMDAwLCJkZWxldGUiOjI3MDAwMDAwMDAwMDAsInJlYWQiOjMwMDAwMDAwMDAwMCwidXBkYXRlIjoyNzAwMDAwMDAwMDAwfX0=",
          "dependencies": [
            "module.resource_group.azurerm_resource_group.rgs",
            "module.subnets.azurerm_subnet.subnets",
            "module.virtual_machine.azurerm_network_interface.nics",
            "module.virtual_network.azurerm_virtual_network.vnets"
          ]
        }
      ]
    },
    {
      "module": "module.virtual_machine",
      "mode": "managed",
      "type": "azurerm_network_interface",
      "name": "nics",
      "provider": "provider[\"registry.terraform.io/hashicorp/azurerm\"]",
      "instances": [
        {
          "index_key": "backend_vm1",
          "schema_version": 0,
          "attributes": {
            "accelerated_networking_enabled": false,
            "applied_dns_servers": [],
            "auxiliary_mode": "",
            "auxiliary_sku": "",
            "dns_servers": [],
            "edge_zone": "",
            "id": "/subscriptions/56d4ebce-52e4-4807-ac43-48cb1bef8c71/resourceGroups/iad-az-dev-rg/providers/Microsoft.Network/networkInterfaces/iad-az-dev-vm-backend-1-nic",
            "internal_dns_name_label": "",
            "internal_domain_name_suffix": "yp0mpjqwukeerggj3lark05aza.rx.internal.cloudapp.net",
            "ip_configuration": [
              {
                "gateway_load_balancer_frontend_ip_configuration_id": "",
                "name": "internal",
                "primary": true,
                "private_ip_address": "10.0.2.5",
                "private_ip_address_allocation": "Dynamic",
                "private_ip_address_version": "IPv4",
                "public_ip_address_id": "",
                "subnet_id": "/subscriptions/56d4ebce-52e4-4807-ac43-48cb1bef8c71/resourceGroups/iad-az-dev-rg/providers/Microsoft.Network/virtualNetworks/iad-az-dev-vnet/subnets/iad-az-dev-backend-subnet"
              }
            ],
            "ip_forwarding_enabled": false,
            "location": "centralindia",
            "mac_address": "70-A8-A5-68-E9-71",
            "name": "iad-az-dev-vm-backend-1-nic",
            "private_ip_address": "10.0.2.5",
            "private_ip_addresses": [
              "10.0.2.5"
            ],
            "resource_group_name": "iad-az-dev-rg",
            "tags": {},
            "timeouts": null,
            "virtual_machine_id": "/subscriptions/56d4ebce-52e4-4807-ac43-48cb1bef8c71/resourceGroups/iad-az-dev-rg/providers/Microsoft.Compute/virtualMachines/iad-az-dev-vm-backend-1"
          },
          "sensitive_attributes": [],
          "identity_schema_version": 0,
          "identity": {
            "name": "iad-az-dev-vm-backend-1-nic",
            "resource_group_name": "iad-az-dev-rg",
            "subscription_id": "56d4ebce-52e4-4807-ac43-48cb1bef8c71"
          },
          "private": "eyJlMmJmYjczMC1lY2FhLTExZTYtOGY4OC0zNDM2M2JjN2M0YzAiOnsiY3JlYXRlIjoxODAwMDAwMDAwMDAwLCJkZWxldGUiOjE4MDAwMDAwMDAwMDAsInJlYWQiOjMwMDAwMDAwMDAwMCwidXBkYXRlIjoxODAwMDAwMDAwMDAwfX0=",
          "dependencies": [
            "module.resource_group.azurerm_resource_group.rgs",
            "module.subnets.azurerm_subnet.subnets",
            "module.virtual_network.azurerm_virtual_network.vnets"
          ]
        },
        {
          "index_key": "backend_vm2",
          "schema_version": 0,
          "attributes": {
            "accelerated_networking_enabled": false,
            "applied_dns_servers": [],
            "auxiliary_mode": "",
            "auxiliary_sku": "",
            "dns_servers": [],
            "edge_zone": "",
            "id": "/subscriptions/56d4ebce-52e4-4807-ac43-48cb1bef8c71/resourceGroups/iad-az-dev-rg/providers/Microsoft.Network/networkInterfaces/iad-az-dev-vm-backend-2-nic",
            "internal_dns_name_label": "",
            "internal_domain_name_suffix": "yp0mpjqwukeerggj3lark05aza.rx.internal.cloudapp.net",
            "ip_configuration": [
              {
                "gateway_load_balancer_frontend_ip_configuration_id": "",
                "name": "internal",
                "primary": true,
                "private_ip_address": "10.0.2.4",
                "private_ip_address_allocation": "Dynamic",
                "private_ip_address_version": "IPv4",
                "public_ip_address_id": "",
                "subnet_id": "/subscriptions/56d4ebce-52e4-4807-ac43-48cb1bef8c71/resourceGroups/iad-az-dev-rg/providers/Microsoft.Network/virtualNetworks/iad-az-dev-vnet/subnets/iad-az-dev-backend-subnet"
              }
            ],
            "ip_forwarding_enabled": false,
            "location": "centralindia",
            "mac_address": "7C-ED-8D-9F-1B-1A",
            "name": "iad-az-dev-vm-backend-2-nic",
            "private_ip_address": "10.0.2.4",
            "private_ip_addresses": [
              "10.0.2.4"
            ],
            "resource_group_name": "iad-az-dev-rg",
            "tags": {},
            "timeouts": null,
            "virtual_machine_id": "/subscriptions/56d4ebce-52e4-4807-ac43-48cb1bef8c71/resourceGroups/iad-az-dev-rg/providers/Microsoft.Compute/virtualMachines/iad-az-dev-vm-backend-2"
          },
          "sensitive_attributes": [],
          "identity_schema_version": 0,
          "identity": {
            "name": "iad-az-dev-vm-backend-2-nic",
            "resource_group_name": "iad-az-dev-rg",
            "subscription_id": "56d4ebce-52e4-4807-ac43-48cb1bef8c71"
          },
          "private": "eyJlMmJmYjczMC1lY2FhLTExZTYtOGY4OC0zNDM2M2JjN2M0YzAiOnsiY3JlYXRlIjoxODAwMDAwMDAwMDAwLCJkZWxldGUiOjE4MDAwMDAwMDAwMDAsInJlYWQiOjMwMDAwMDAwMDAwMCwidXBkYXRlIjoxODAwMDAwMDAwMDAwfX0=",
          "dependencies": [
            "module.resource_group.azurerm_resource_group.rgs",
            "module.subnets.azurerm_subnet.subnets",
            "module.virtual_network.azurerm_virtual_network.vnets"
          ]
        },
        {
          "index_key": "database_vm1",
          "schema_version": 0,
          "attributes": {
            "accelerated_networking_enabled": false,
            "applied_dns_servers": [],
            "auxiliary_mode": "",
            "auxiliary_sku": "",
            "dns_servers": [],
            "edge_zone": "",
            "id": "/subscriptions/56d4ebce-52e4-4807-ac43-48cb1bef8c71/resourceGroups/iad-az-dev-rg/providers/Microsoft.Network/networkInterfaces/iad-az-dev-vm-database-1-nic",
            "internal_dns_name_label": "",
            "internal_domain_name_suffix": "yp0mpjqwukeerggj3lark05aza.rx.internal.cloudapp.net",
            "ip_configuration": [
              {
                "gateway_load_balancer_frontend_ip_configuration_id": "",
                "name": "internal",
                "primary": true,
                "private_ip_address": "10.0.3.4",
                "private_ip_address_allocation": "Dynamic",
                "private_ip_address_version": "IPv4",
                "public_ip_address_id": "",
                "subnet_id": "/subscriptions/56d4ebce-52e4-4807-ac43-48cb1bef8c71/resourceGroups/iad-az-dev-rg/providers/Microsoft.Network/virtualNetworks/iad-az-dev-vnet/subnets/iad-az-dev-database-subnet"
              }
            ],
            "ip_forwarding_enabled": false,
            "location": "centralindia",
            "mac_address": "E4-FB-1E-FD-1A-48",
            "name": "iad-az-dev-vm-database-1-nic",
            "private_ip_address": "10.0.3.4",
            "private_ip_addresses": [
              "10.0.3.4"
            ],
            "resource_group_name": "iad-az-dev-rg",
            "tags": {},
            "timeouts": null,
            "virtual_machine_id": "/subscriptions/56d4ebce-52e4-4807-ac43-48cb1bef8c71/resourceGroups/iad-az-dev-rg/providers/Microsoft.Compute/virtualMachines/iad-az-dev-vm-database-1"
          },
          "sensitive_attributes": [],
          "identity_schema_version": 0,
          "identity": {
            "name": "iad-az-dev-vm-database-1-nic",
            "resource_group_name": "iad-az-dev-rg",
            "subscription_id": "56d4ebce-52e4-4807-ac43-48cb1bef8c71"
          },
          "private": "eyJlMmJmYjczMC1lY2FhLTExZTYtOGY4OC0zNDM2M2JjN2M0YzAiOnsiY3JlYXRlIjoxODAwMDAwMDAwMDAwLCJkZWxldGUiOjE4MDAwMDAwMDAwMDAsInJlYWQiOjMwMDAwMDAwMDAwMCwidXBkYXRlIjoxODAwMDAwMDAwMDAwfX0=",
          "dependencies": [
            "module.resource_group.azurerm_resource_group.rgs",
            "module.subnets.azurerm_subnet.subnets",
            "module.virtual_network.azurerm_virtual_network.vnets"
          ]
        },
        {
          "index_key": "frontend_vm1",
          "schema_version": 0,
          "attributes": {
            "accelerated_networking_enabled": false,
            "applied_dns_servers": [],
            "auxiliary_mode": "",
            "auxiliary_sku": "",
            "dns_servers": [],
            "edge_zone": "",
            "id": "/subscriptions/56d4ebce-52e4-4807-ac43-48cb1bef8c71/resourceGroups/iad-az-dev-rg/providers/Microsoft.Network/networkInterfaces/iad-az-dev-vm-frontend-1-nic",
            "internal_dns_name_label": "",
            "internal_domain_name_suffix": "yp0mpjqwukeerggj3lark05aza.rx.internal.cloudapp.net",
            "ip_configuration": [
              {
                "gateway_load_balancer_frontend_ip_configuration_id": "",
                "name": "internal",
                "primary": true,
                "private_ip_address": "10.0.1.4",
                "private_ip_address_allocation": "Dynamic",
                "private_ip_address_version": "IPv4",
                "public_ip_address_id": "",
                "subnet_id": "/subscriptions/56d4ebce-52e4-4807-ac43-48cb1bef8c71/resourceGroups/iad-az-dev-rg/providers/Microsoft.Network/virtualNetworks/iad-az-dev-vnet/subnets/iad-az-dev-frontend-subnet"
              }
            ],
            "ip_forwarding_enabled": false,
            "location": "centralindia",
            "mac_address": "70-A8-A5-29-9A-13",
            "name": "iad-az-dev-vm-frontend-1-nic",
            "private_ip_address": "10.0.1.4",
            "private_ip_addresses": [
              "10.0.1.4"
            ],
            "resource_group_name": "iad-az-dev-rg",
            "tags": {},
            "timeouts": null,
            "virtual_machine_id": "/subscriptions/56d4ebce-52e4-4807-ac43-48cb1bef8c71/resourceGroups/iad-az-dev-rg/providers/Microsoft.Compute/virtualMachines/iad-az-dev-vm-frontend-1"
          },
          "sensitive_attributes": [],
          "identity_schema_version": 0,
          "identity": {
            "name": "iad-az-dev-vm-frontend-1-nic",
            "resource_group_name": "iad-az-dev-rg",
            "subscription_id": "56d4ebce-52e4-4807-ac43-48cb1bef8c71"
          },
          "private": "eyJlMmJmYjczMC1lY2FhLTExZTYtOGY4OC0zNDM2M2JjN2M0YzAiOnsiY3JlYXRlIjoxODAwMDAwMDAwMDAwLCJkZWxldGUiOjE4MDAwMDAwMDAwMDAsInJlYWQiOjMwMDAwMDAwMDAwMCwidXBkYXRlIjoxODAwMDAwMDAwMDAwfX0=",
          "dependencies": [
            "module.resource_group.azurerm_resource_group.rgs",
            "module.subnets.azurerm_subnet.subnets",
            "module.virtual_network.azurerm_virtual_network.vnets"
          ]
        },
        {
          "index_key": "frontend_vm2",
          "schema_version": 0,
          "attributes": {
            "accelerated_networking_enabled": false,
            "applied_dns_servers": [],
            "auxiliary_mode": "",
            "auxiliary_sku": "",
            "dns_servers": [],
            "edge_zone": "",
            "id": "/subscriptions/56d4ebce-52e4-4807-ac43-48cb1bef8c71/resourceGroups/iad-az-dev-rg/providers/Microsoft.Network/networkInterfaces/iad-az-dev-vm-frontend-2-nic",
            "internal_dns_name_label": "",
            "internal_domain_name_suffix": "yp0mpjqwukeerggj3lark05aza.rx.internal.cloudapp.net",
            "ip_configuration": [
              {
                "gateway_load_balancer_frontend_ip_configuration_id": "",
                "name": "internal",
                "primary": true,
                "private_ip_address": "10.0.1.5",
                "private_ip_address_allocation": "Dynamic",
                "private_ip_address_version": "IPv4",
                "public_ip_address_id": "",
                "subnet_id": "/subscriptions/56d4ebce-52e4-4807-ac43-48cb1bef8c71/resourceGroups/iad-az-dev-rg/providers/Microsoft.Network/virtualNetworks/iad-az-dev-vnet/subnets/iad-az-dev-frontend-subnet"
              }
            ],
            "ip_forwarding_enabled": false,
            "location": "centralindia",
            "mac_address": "00-22-48-D4-92-AB",
            "name": "iad-az-dev-vm-frontend-2-nic",
            "private_ip_address": "10.0.1.5",
            "private_ip_addresses": [
              "10.0.1.5"
            ],
            "resource_group_name": "iad-az-dev-rg",
            "tags": {},
            "timeouts": null,
            "virtual_machine_id": "/subscriptions/56d4ebce-52e4-4807-ac43-48cb1bef8c71/resourceGroups/iad-az-dev-rg/providers/Microsoft.Compute/virtualMachines/iad-az-dev-vm-frontend-2"
          },
          "sensitive_attributes": [],
          "identity_schema_version": 0,
          "identity": {
            "name": "iad-az-dev-vm-frontend-2-nic",
            "resource_group_name": "iad-az-dev-rg",
            "subscription_id": "56d4ebce-52e4-4807-ac43-48cb1bef8c71"
          },
          "private": "eyJlMmJmYjczMC1lY2FhLTExZTYtOGY4OC0zNDM2M2JjN2M0YzAiOnsiY3JlYXRlIjoxODAwMDAwMDAwMDAwLCJkZWxldGUiOjE4MDAwMDAwMDAwMDAsInJlYWQiOjMwMDAwMDAwMDAwMCwidXBkYXRlIjoxODAwMDAwMDAwMDAwfX0=",
          "dependencies": [
            "module.resource_group.azurerm_resource_group.rgs",
            "module.subnets.azurerm_subnet.subnets",
            "module.virtual_network.azurerm_virtual_network.vnets"
          ]
        }
      ]
    },
    {
      "module": "module.virtual_network",
      "mode": "managed",
      "type": "azurerm_virtual_network",
      "name": "vnets",
      "provider": "provider[\"registry.terraform.io/hashicorp/azurerm\"]",
      "instances": [
        {
          "index_key": "iad_az_dev",
          "schema_version": 0,
          "attributes": {
            "address_space": [
              "10.0.0.0/16"
            ],
            "bgp_community": "",
            "ddos_protection_plan": [],
            "dns_servers": [],
            "edge_zone": "",
            "encryption": [],
            "flow_timeout_in_minutes": 0,
            "guid": "a6c7f4c3-a216-4888-98c9-eac1156be0c8",
            "id": "/subscriptions/56d4ebce-52e4-4807-ac43-48cb1bef8c71/resourceGroups/iad-az-dev-rg/providers/Microsoft.Network/virtualNetworks/iad-az-dev-vnet",
            "ip_address_pool": [],
            "location": "centralindia",
            "name": "iad-az-dev-vnet",
            "private_endpoint_vnet_policies": "Disabled",
            "resource_group_name": "iad-az-dev-rg",
            "subnet": [
              {
                "address_prefixes": [
                  "10.0.0.0/24"
                ],
                "default_outbound_access_enabled": true,
                "delegation": [],
                "id": "/subscriptions/56d4ebce-52e4-4807-ac43-48cb1bef8c71/resourceGroups/iad-az-dev-rg/providers/Microsoft.Network/virtualNetworks/iad-az-dev-vnet/subnets/iad-az-dev-appgw-subnet",
                "name": "iad-az-dev-appgw-subnet",
                "private_endpoint_network_policies": "Disabled",
                "private_link_service_network_policies_enabled": true,
                "route_table_id": "",
                "security_group": "",
                "service_endpoint_policy_ids": [],
                "service_endpoints": []
              },
              {
                "address_prefixes": [
                  "10.0.1.0/24"
                ],
                "default_outbound_access_enabled": true,
                "delegation": [],
                "id": "/subscriptions/56d4ebce-52e4-4807-ac43-48cb1bef8c71/resourceGroups/iad-az-dev-rg/providers/Microsoft.Network/virtualNetworks/iad-az-dev-vnet/subnets/iad-az-dev-frontend-subnet",
                "name": "iad-az-dev-frontend-subnet",
                "private_endpoint_network_policies": "Disabled",
                "private_link_service_network_policies_enabled": true,
                "route_table_id": "",
                "security_group": "",
                "service_endpoint_policy_ids": [],
                "service_endpoints": []
              },
              {
                "address_prefixes": [
                  "10.0.2.0/24"
                ],
                "default_outbound_access_enabled": true,
                "delegation": [],
                "id": "/subscriptions/56d4ebce-52e4-4807-ac43-48cb1bef8c71/resourceGroups/iad-az-dev-rg/providers/Microsoft.Network/virtualNetworks/iad-az-dev-vnet/subnets/iad-az-dev-backend-subnet",
                "name": "iad-az-dev-backend-subnet",
                "private_endpoint_network_policies": "Disabled",
                "private_link_service_network_policies_enabled": true,
                "route_table_id": "",
                "security_group": "",
                "service_endpoint_policy_ids": [],
                "service_endpoints": []
              },
              {
                "address_prefixes": [
                  "10.0.3.0/24"
                ],
                "default_outbound_access_enabled": true,
                "delegation": [],
                "id": "/subscriptions/56d4ebce-52e4-4807-ac43-48cb1bef8c71/resourceGroups/iad-az-dev-rg/providers/Microsoft.Network/virtualNetworks/iad-az-dev-vnet/subnets/iad-az-dev-database-subnet",
                "name": "iad-az-dev-database-subnet",
                "private_endpoint_network_policies": "Disabled",
                "private_link_service_network_policies_enabled": true,
                "route_table_id": "",
                "security_group": "",
                "service_endpoint_policy_ids": [],
                "service_endpoints": []
              },
              {
                "address_prefixes": [
                  "10.0.4.0/26"
                ],
                "default_outbound_access_enabled": true,
                "delegation": [],
                "id": "/subscriptions/56d4ebce-52e4-4807-ac43-48cb1bef8c71/resourceGroups/iad-az-dev-rg/providers/Microsoft.Network/virtualNetworks/iad-az-dev-vnet/subnets/AzureBastionSubnet",
                "name": "AzureBastionSubnet",
                "private_endpoint_network_policies": "Disabled",
                "private_link_service_network_policies_enabled": true,
                "route_table_id": "",
                "security_group": "",
                "service_endpoint_policy_ids": [],
                "service_endpoints": []
              }
            ],
            "tags": {},
            "timeouts": null
          },
          "sensitive_attributes": [],
          "identity_schema_version": 0,
          "identity": {
            "name": "iad-az-dev-vnet",
            "resource_group_name": "iad-az-dev-rg",
            "subscription_id": "56d4ebce-52e4-4807-ac43-48cb1bef8c71"
          },
          "private": "eyJlMmJmYjczMC1lY2FhLTExZTYtOGY4OC0zNDM2M2JjN2M0YzAiOnsiY3JlYXRlIjoxODAwMDAwMDAwMDAwLCJkZWxldGUiOjE4MDAwMDAwMDAwMDAsInJlYWQiOjMwMDAwMDAwMDAwMCwidXBkYXRlIjoxODAwMDAwMDAwMDAwfX0=",
          "dependencies": [
            "module.resource_group.azurerm_resource_group.rgs"
          ]
        }
      ]
    }
  ],
  "check_results": null
}
